schema: '2.0'
stages:
  build_brick:
    cmd: python3 stages_v2/download_and_process_baseline.py --workers 4 --output-dir
      brick/pubmed.parquet
    deps:
    - path: stages_v2/download_and_process_baseline.py
      hash: md5
      md5: 5f173d153bc1e91668000d688aa2e15e
      size: 12639
    outs:
    - path: brick/pubmed.parquet
      hash: md5
      md5: a21cf6da3abe713cf421da20d893ba6a.dir
      size: 57883044403
      nfiles: 24964
